{
  "name": "parse-xml",
  "version": "1.0.0",
  "lockfileVersion": 1,
  "requires": true,
  "dependencies": {
    "sax": {
      "version": "1.2.4",
      "resolved": "https://registry.npmjs.org/sax/-/sax-1.2.4.tgz",
      "integrity": "sha512-NqVDv9TpANUjFm0N8uM5GxL36UgKi9/atZw+x7YFnQ8ckwFGKrl4xX4yWtrey3UJm5nP1kUbnYgLopqWNSRhWw=="
    },
    "xml-flow": {
      "version": "1.0.1",
      "resolved": "https://registry.npmjs.org/xml-flow/-/xml-flow-1.0.1.tgz",
      "integrity": "sha1-jHfVkY8wciQ8MJV6RsJnlFP+cLs=",
      "requires": {
        "sax": "1.2.4"
      }
    }
  }
}
